
Microsoft Visual Studio Solution File, Format Version 12.00
# Visual Studio 14
VisualStudioVersion = 14.0.23107.0
MinimumVisualStudioVersion = 10.0.40219.1
Project("{FAE04EC0-301F-11D3-BF4B-00C04F79EFBC}") = "DemoETraderApp", "DemoETraderApp\DemoETraderApp.csproj", "{C9CFE11B-E42B-43A0-A9E1-2C398B1806E6}"
EndProject
Project("{FAE04EC0-301F-11D3-BF4B-00C04F79EFBC}") = "EBondTester", "EBondTester\EBondTester.csproj", "{D01F08A0-5E83-4D79-8BC4-FAD4CEA84AC0}"
EndProject
Global
	GlobalSection(SolutionConfigurationPlatforms) = preSolution
		Debug|Any CPU = Debug|Any CPU
		Release|Any CPU = Release|Any CPU
	EndGlobalSection
	GlobalSection(ProjectConfigurationPlatforms) = postSolution
		{C9CFE11B-E42B-43A0-A9E1-2C398B1806E6}.Debug|Any CPU.ActiveCfg = Debug|Any CPU
		{C9CFE11B-E42B-43A0-A9E1-2C398B1806E6}.Debug|Any CPU.Build.0 = Debug|Any CPU
		{C9CFE11B-E42B-43A0-A9E1-2C398B1806E6}.Release|Any CPU.ActiveCfg = Release|Any CPU
		{C9CFE11B-E42B-43A0-A9E1-2C398B1806E6}.Release|Any CPU.Build.0 = Release|Any CPU
		{D01F08A0-5E83-4D79-8BC4-FAD4CEA84AC0}.Debug|Any CPU.ActiveCfg = Debug|Any CPU
		{D01F08A0-5E83-4D79-8BC4-FAD4CEA84AC0}.Debug|Any CPU.Build.0 = Debug|Any CPU
		{D01F08A0-5E83-4D79-8BC4-FAD4CEA84AC0}.Release|Any CPU.ActiveCfg = Release|Any CPU
		{D01F08A0-5E83-4D79-8BC4-FAD4CEA84AC0}.Release|Any CPU.Build.0 = Release|Any CPU
	EndGlobalSection
	GlobalSection(SolutionProperties) = preSolution
		HideSolutionNode = FALSE
	EndGlobalSection
EndGlobal
